
Microsoft Visual Studio Solution File, Format Version 12.00
# Visual Studio Version 17
VisualStudioVersion = 17.14.36127.28 d17.14
MinimumVisualStudioVersion = 10.0.40219.1
Project("{FAE04EC0-301F-11D3-BF4B-00C04F79EFBC}") = "RealTimeDashboardBackend", "RealTimeDashboardBackend.csproj", "{7298D519-49DF-40F6-84FF-713D3AD7806A}"
EndProject
Global
	GlobalSection(SolutionConfigurationPlatforms) = preSolution
		Debug|Any CPU = Debug|Any CPU
		Release|Any CPU = Release|Any CPU
	EndGlobalSection
	GlobalSection(ProjectConfigurationPlatforms) = postSolution
		{7298D519-49DF-40F6-84FF-713D3AD7806A}.Debug|Any CPU.ActiveCfg = Debug|Any CPU
		{7298D519-49DF-40F6-84FF-713D3AD7806A}.Debug|Any CPU.Build.0 = Debug|Any CPU
		{7298D519-49DF-40F6-84FF-713D3AD7806A}.Release|Any CPU.ActiveCfg = Release|Any CPU
		{7298D519-49DF-40F6-84FF-713D3AD7806A}.Release|Any CPU.Build.0 = Release|Any CPU
	EndGlobalSection
	GlobalSection(SolutionProperties) = preSolution
		HideSolutionNode = FALSE
	EndGlobalSection
	GlobalSection(ExtensibilityGlobals) = postSolution
		SolutionGuid = {818ABFDE-B08F-4B94-8258-BCEF198FEEE8}
	EndGlobalSection
EndGlobal
